
Microsoft Visual Studio Solution File, Format Version 12.00
# Visual Studio Version 17
VisualStudioVersion = 17.6.33712.159
MinimumVisualStudioVersion = 10.0.40219.1
Project("{9A19103F-16F7-4668-BE54-9A1E7A4F7556}") = "DelegatesSample.Tests", ".\DelegatesSample.Tests\DelegatesSample.Tests.csproj", "{DF0A5EE3-0E6E-47B3-B847-476AE197F785}"
EndProject
Project("{FAE04EC0-301F-11D3-BF4B-00C04F79EFBC}") = "DelegatesSample", ".\DelegatesSample\DelegatesSample.csproj", "{5D88A292-566A-4D41-8B65-2488E4AB2EF7}"
EndProject
Global
	GlobalSection(SolutionConfigurationPlatforms) = preSolution
		Debug|Any CPU = Debug|Any CPU
		Release|Any CPU = Release|Any CPU
	EndGlobalSection
	GlobalSection(ProjectConfigurationPlatforms) = postSolution
		{DF0A5EE3-0E6E-47B3-B847-476AE197F785}.Debug|Any CPU.ActiveCfg = Debug|Any CPU
		{DF0A5EE3-0E6E-47B3-B847-476AE197F785}.Debug|Any CPU.Build.0 = Debug|Any CPU
		{DF0A5EE3-0E6E-47B3-B847-476AE197F785}.Release|Any CPU.ActiveCfg = Release|Any CPU
		{DF0A5EE3-0E6E-47B3-B847-476AE197F785}.Release|Any CPU.Build.0 = Release|Any CPU
		{5D88A292-566A-4D41-8B65-2488E4AB2EF7}.Debug|Any CPU.ActiveCfg = Debug|Any CPU
		{5D88A292-566A-4D41-8B65-2488E4AB2EF7}.Debug|Any CPU.Build.0 = Debug|Any CPU
		{5D88A292-566A-4D41-8B65-2488E4AB2EF7}.Release|Any CPU.ActiveCfg = Release|Any CPU
		{5D88A292-566A-4D41-8B65-2488E4AB2EF7}.Release|Any CPU.Build.0 = Release|Any CPU
	EndGlobalSection
	GlobalSection(SolutionProperties) = preSolution
		HideSolutionNode = FALSE
	EndGlobalSection
	GlobalSection(ExtensibilityGlobals) = postSolution
		SolutionGuid = {F1BB21E8-F072-41D3-A465-63762177A832}
	EndGlobalSection
EndGlobal
